// !$*UTF8*$!
{
	archiveVersion = 1;
	classes = {
	};
	objectVersion = 50;
	objects = {

/* Begin PBXBuildFile section */
		0F25A92321C3AA030000F2E0 /* CategoryList.swift in Sources */ = {isa = PBXBuildFile; fileRef = 0F25A92021C3AA030000F2E0 /* CategoryList.swift */; };
		0F25A92421C3AA030000F2E0 /* Category.swift in Sources */ = {isa = PBXBuildFile; fileRef = 0F25A92221C3AA030000F2E0 /* Category.swift */; };
		0F25A93221C3AA570000F2E0 /* Categories.swift in Sources */ = {isa = PBXBuildFile; fileRef = 0F25A92621C3AA560000F2E0 /* Categories.swift */; };
		0F25A93321C3AA570000F2E0 /* MyCustomCell.xib in Resources */ = {isa = PBXBuildFile; fileRef = 0F25A92721C3AA570000F2E0 /* MyCustomCell.xib */; };
		0F25A93421C3AA570000F2E0 /* Categories.xib in Resources */ = {isa = PBXBuildFile; fileRef = 0F25A92821C3AA570000F2E0 /* Categories.xib */; };
		0F25A93521C3AA570000F2E0 /* EmptyPage.swift in Sources */ = {isa = PBXBuildFile; fileRef = 0F25A92921C3AA570000F2E0 /* EmptyPage.swift */; };
		0F25A93621C3AA570000F2E0 /* EmptyPage.xib in Resources */ = {isa = PBXBuildFile; fileRef = 0F25A92A21C3AA570000F2E0 /* EmptyPage.xib */; };
		0F25A93721C3AA570000F2E0 /* AddCard.xib in Resources */ = {isa = PBXBuildFile; fileRef = 0F25A92B21C3AA570000F2E0 /* AddCard.xib */; };
		0F25A93821C3AA570000F2E0 /* AddCard.swift in Sources */ = {isa = PBXBuildFile; fileRef = 0F25A92C21C3AA570000F2E0 /* AddCard.swift */; };
		0F25A93921C3AA570000F2E0 /* RearPhoto.swift in Sources */ = {isa = PBXBuildFile; fileRef = 0F25A92D21C3AA570000F2E0 /* RearPhoto.swift */; };
		0F25A93A21C3AA570000F2E0 /* FrontPhoto.swift in Sources */ = {isa = PBXBuildFile; fileRef = 0F25A92E21C3AA570000F2E0 /* FrontPhoto.swift */; };
		0F25A93B21C3AA570000F2E0 /* RearPhoto.xib in Resources */ = {isa = PBXBuildFile; fileRef = 0F25A92F21C3AA570000F2E0 /* RearPhoto.xib */; };
		0F25A93C21C3AA570000F2E0 /* FrontPhoto.xib in Resources */ = {isa = PBXBuildFile; fileRef = 0F25A93021C3AA570000F2E0 /* FrontPhoto.xib */; };
		0F25A93D21C3AA570000F2E0 /* MyCustomCell.swift in Sources */ = {isa = PBXBuildFile; fileRef = 0F25A93121C3AA570000F2E0 /* MyCustomCell.swift */; };
		0F25A93F21C3AD1E0000F2E0 /* Alamofire.framework in Frameworks */ = {isa = PBXBuildFile; fileRef = 0F25A93E21C3AD1E0000F2E0 /* Alamofire.framework */; };
		0F25A94121C3AD1E0000F2E0 /* Realm.framework in Frameworks */ = {isa = PBXBuildFile; fileRef = 0F25A94021C3AD1E0000F2E0 /* Realm.framework */; };
		0F25A94321C3AD1E0000F2E0 /* RealmSwift.framework in Frameworks */ = {isa = PBXBuildFile; fileRef = 0F25A94221C3AD1E0000F2E0 /* RealmSwift.framework */; };
		0F25A94521C3B2470000F2E0 /* CardList.swift in Sources */ = {isa = PBXBuildFile; fileRef = 0F25A94421C3B2470000F2E0 /* CardList.swift */; };
		0F25A94D21C3C4EA0000F2E0 /* CardItem.swift in Sources */ = {isa = PBXBuildFile; fileRef = 0F25A94C21C3C4EA0000F2E0 /* CardItem.swift */; };
		1A3C6DED8836602147E55CC6 /* Pods_cardbag.framework in Frameworks */ = {isa = PBXBuildFile; fileRef = 070E1E69E75CBAC34E9192EE /* Pods_cardbag.framework */; };
		84E26DFC21BA726800ED7C4D /* Card.swift in Sources */ = {isa = PBXBuildFile; fileRef = 84E26DF321BA726800ED7C4D /* Card.swift */; };
		84E26E1821C3A7A100ED7C4D /* CardsListViewController.swift in Sources */ = {isa = PBXBuildFile; fileRef = 84E26E1321C3A7A100ED7C4D /* CardsListViewController.swift */; };
		84E26E1921C3A7A100ED7C4D /* CardsListViewController.xib in Resources */ = {isa = PBXBuildFile; fileRef = 84E26E1421C3A7A100ED7C4D /* CardsListViewController.xib */; };
		84E26E1A21C3A7A100ED7C4D /* TableViewCell.swift in Sources */ = {isa = PBXBuildFile; fileRef = 84E26E1521C3A7A100ED7C4D /* TableViewCell.swift */; };
		84E26E1B21C3A7A100ED7C4D /* TableViewCell.xib in Resources */ = {isa = PBXBuildFile; fileRef = 84E26E1621C3A7A100ED7C4D /* TableViewCell.xib */; };
		84E26E1C21C3A7A100ED7C4D /* LaunchScreen.storyboard in Resources */ = {isa = PBXBuildFile; fileRef = 84E26E1721C3A7A100ED7C4D /* LaunchScreen.storyboard */; };
		84E26E1E21C3A7A100ED7C4D /* Assets.xcassets in Resources */ = {isa = PBXBuildFile; fileRef = 84E26E1D21C3A7A100ED7C4D /* Assets.xcassets */; };
		CE30C7A62182FD11004FD699 /* AppDelegate.swift in Sources */ = {isa = PBXBuildFile; fileRef = CE30C7A52182FD11004FD699 /* AppDelegate.swift */; };
		CE30C7B02182FD14004FD699 /* LaunchScreen.storyboard in Resources */ = {isa = PBXBuildFile; fileRef = CE30C7AE2182FD14004FD699 /* LaunchScreen.storyboard */; };
/* End PBXBuildFile section */

/* Begin PBXFileReference section */
		070E1E69E75CBAC34E9192EE /* Pods_cardbag.framework */ = {isa = PBXFileReference; explicitFileType = wrapper.framework; includeInIndex = 0; path = Pods_cardbag.framework; sourceTree = BUILT_PRODUCTS_DIR; };
		0F25A92021C3AA030000F2E0 /* CategoryList.swift */ = {isa = PBXFileReference; fileEncoding = 4; lastKnownFileType = sourcecode.swift; path = CategoryList.swift; sourceTree = "<group>"; };
		0F25A92221C3AA030000F2E0 /* Category.swift */ = {isa = PBXFileReference; fileEncoding = 4; lastKnownFileType = sourcecode.swift; path = Category.swift; sourceTree = "<group>"; };
		0F25A92621C3AA560000F2E0 /* Categories.swift */ = {isa = PBXFileReference; fileEncoding = 4; lastKnownFileType = sourcecode.swift; name = Categories.swift; path = CardBag/UI/CardsList/Categories.swift; sourceTree = SOURCE_ROOT; };
		0F25A92721C3AA570000F2E0 /* MyCustomCell.xib */ = {isa = PBXFileReference; fileEncoding = 4; lastKnownFileType = file.xib; name = MyCustomCell.xib; path = CardBag/UI/CardsList/MyCustomCell.xib; sourceTree = SOURCE_ROOT; };
		0F25A92821C3AA570000F2E0 /* Categories.xib */ = {isa = PBXFileReference; fileEncoding = 4; lastKnownFileType = file.xib; name = Categories.xib; path = CardBag/UI/CardsList/Categories.xib; sourceTree = SOURCE_ROOT; };
		0F25A92921C3AA570000F2E0 /* EmptyPage.swift */ = {isa = PBXFileReference; fileEncoding = 4; lastKnownFileType = sourcecode.swift; name = EmptyPage.swift; path = CardBag/UI/CardsList/EmptyPage.swift; sourceTree = SOURCE_ROOT; };
		0F25A92A21C3AA570000F2E0 /* EmptyPage.xib */ = {isa = PBXFileReference; fileEncoding = 4; lastKnownFileType = file.xib; name = EmptyPage.xib; path = CardBag/UI/CardsList/EmptyPage.xib; sourceTree = SOURCE_ROOT; };
		0F25A92B21C3AA570000F2E0 /* AddCard.xib */ = {isa = PBXFileReference; fileEncoding = 4; lastKnownFileType = file.xib; name = AddCard.xib; path = CardBag/UI/CardsList/AddCard.xib; sourceTree = SOURCE_ROOT; };
		0F25A92C21C3AA570000F2E0 /* AddCard.swift */ = {isa = PBXFileReference; fileEncoding = 4; lastKnownFileType = sourcecode.swift; name = AddCard.swift; path = CardBag/UI/CardsList/AddCard.swift; sourceTree = SOURCE_ROOT; };
		0F25A92D21C3AA570000F2E0 /* RearPhoto.swift */ = {isa = PBXFileReference; fileEncoding = 4; lastKnownFileType = sourcecode.swift; name = RearPhoto.swift; path = CardBag/UI/CardsList/RearPhoto.swift; sourceTree = SOURCE_ROOT; };
		0F25A92E21C3AA570000F2E0 /* FrontPhoto.swift */ = {isa = PBXFileReference; fileEncoding = 4; lastKnownFileType = sourcecode.swift; name = FrontPhoto.swift; path = CardBag/UI/CardsList/FrontPhoto.swift; sourceTree = SOURCE_ROOT; };
		0F25A92F21C3AA570000F2E0 /* RearPhoto.xib */ = {isa = PBXFileReference; fileEncoding = 4; lastKnownFileType = file.xib; name = RearPhoto.xib; path = CardBag/UI/CardsList/RearPhoto.xib; sourceTree = SOURCE_ROOT; };
		0F25A93021C3AA570000F2E0 /* FrontPhoto.xib */ = {isa = PBXFileReference; fileEncoding = 4; lastKnownFileType = file.xib; name = FrontPhoto.xib; path = CardBag/UI/CardsList/FrontPhoto.xib; sourceTree = SOURCE_ROOT; };
		0F25A93121C3AA570000F2E0 /* MyCustomCell.swift */ = {isa = PBXFileReference; fileEncoding = 4; lastKnownFileType = sourcecode.swift; name = MyCustomCell.swift; path = CardBag/UI/CardsList/MyCustomCell.swift; sourceTree = SOURCE_ROOT; };
		0F25A93E21C3AD1E0000F2E0 /* Alamofire.framework */ = {isa = PBXFileReference; explicitFileType = wrapper.framework; path = Alamofire.framework; sourceTree = BUILT_PRODUCTS_DIR; };
		0F25A94021C3AD1E0000F2E0 /* Realm.framework */ = {isa = PBXFileReference; explicitFileType = wrapper.framework; path = Realm.framework; sourceTree = BUILT_PRODUCTS_DIR; };
		0F25A94221C3AD1E0000F2E0 /* RealmSwift.framework */ = {isa = PBXFileReference; explicitFileType = wrapper.framework; path = RealmSwift.framework; sourceTree = BUILT_PRODUCTS_DIR; };
		0F25A94421C3B2470000F2E0 /* CardList.swift */ = {isa = PBXFileReference; lastKnownFileType = sourcecode.swift; path = CardList.swift; sourceTree = "<group>"; };
		0F25A94C21C3C4EA0000F2E0 /* CardItem.swift */ = {isa = PBXFileReference; lastKnownFileType = sourcecode.swift; name = CardItem.swift; path = cardbag/Entity/Model/CardItem.swift; sourceTree = SOURCE_ROOT; };
		2D6953638C8BB339B6A779AA /* Pods-cardbag.debug.xcconfig */ = {isa = PBXFileReference; includeInIndex = 1; lastKnownFileType = text.xcconfig; name = "Pods-cardbag.debug.xcconfig"; path = "Pods/Target Support Files/Pods-cardbag/Pods-cardbag.debug.xcconfig"; sourceTree = "<group>"; };
		7CA25B45E37D17294E21052F /* Pods-cardbag.release.xcconfig */ = {isa = PBXFileReference; includeInIndex = 1; lastKnownFileType = text.xcconfig; name = "Pods-cardbag.release.xcconfig"; path = "Pods/Target Support Files/Pods-cardbag/Pods-cardbag.release.xcconfig"; sourceTree = "<group>"; };
		84E26DF321BA726800ED7C4D /* Card.swift */ = {isa = PBXFileReference; fileEncoding = 4; lastKnownFileType = sourcecode.swift; path = Card.swift; sourceTree = "<group>"; };
		84E26E1321C3A7A100ED7C4D /* CardsListViewController.swift */ = {isa = PBXFileReference; fileEncoding = 4; lastKnownFileType = sourcecode.swift; path = CardsListViewController.swift; sourceTree = "<group>"; };
		84E26E1421C3A7A100ED7C4D /* CardsListViewController.xib */ = {isa = PBXFileReference; fileEncoding = 4; lastKnownFileType = file.xib; path = CardsListViewController.xib; sourceTree = "<group>"; };
		84E26E1521C3A7A100ED7C4D /* TableViewCell.swift */ = {isa = PBXFileReference; fileEncoding = 4; lastKnownFileType = sourcecode.swift; path = TableViewCell.swift; sourceTree = "<group>"; };
		84E26E1621C3A7A100ED7C4D /* TableViewCell.xib */ = {isa = PBXFileReference; fileEncoding = 4; lastKnownFileType = file.xib; path = TableViewCell.xib; sourceTree = "<group>"; };
		84E26E1721C3A7A100ED7C4D /* LaunchScreen.storyboard */ = {isa = PBXFileReference; fileEncoding = 4; lastKnownFileType = file.storyboard; path = LaunchScreen.storyboard; sourceTree = "<group>"; };
		84E26E1D21C3A7A100ED7C4D /* Assets.xcassets */ = {isa = PBXFileReference; lastKnownFileType = folder.assetcatalog; name = Assets.xcassets; path = Resources/Assets.xcassets; sourceTree = "<group>"; };
		CE30C7A22182FD11004FD699 /* cardbag.app */ = {isa = PBXFileReference; explicitFileType = wrapper.application; includeInIndex = 0; path = cardbag.app; sourceTree = BUILT_PRODUCTS_DIR; };
		CE30C7A52182FD11004FD699 /* AppDelegate.swift */ = {isa = PBXFileReference; lastKnownFileType = sourcecode.swift; path = AppDelegate.swift; sourceTree = "<group>"; };
		CE30C7AF2182FD14004FD699 /* Base */ = {isa = PBXFileReference; lastKnownFileType = file.storyboard; name = Base; path = Base.lproj/LaunchScreen.storyboard; sourceTree = "<group>"; };
		CE30C7B12182FD14004FD699 /* Info.plist */ = {isa = PBXFileReference; lastKnownFileType = text.plist.xml; path = Info.plist; sourceTree = "<group>"; };
/* End PBXFileReference section */

/* Begin PBXFrameworksBuildPhase section */
		CE30C79F2182FD11004FD699 /* Frameworks */ = {
			isa = PBXFrameworksBuildPhase;
			buildActionMask = 2147483647;
			files = (
				0F25A93F21C3AD1E0000F2E0 /* Alamofire.framework in Frameworks */,
				0F25A94121C3AD1E0000F2E0 /* Realm.framework in Frameworks */,
				0F25A94321C3AD1E0000F2E0 /* RealmSwift.framework in Frameworks */,
				1A3C6DED8836602147E55CC6 /* Pods_cardbag.framework in Frameworks */,
			);
			runOnlyForDeploymentPostprocessing = 0;
		};
/* End PBXFrameworksBuildPhase section */

/* Begin PBXGroup section */
		0F25A91F21C3AA030000F2E0 /* Entity */ = {
			isa = PBXGroup;
			children = (
				0F25A92021C3AA030000F2E0 /* CategoryList.swift */,
				0F25A94421C3B2470000F2E0 /* CardList.swift */,
				0F25A92121C3AA030000F2E0 /* Model */,
			);
			name = Entity;
			path = CardBag/Entity;
			sourceTree = SOURCE_ROOT;
		};
		0F25A92121C3AA030000F2E0 /* Model */ = {
			isa = PBXGroup;
			children = (
				0F25A92221C3AA030000F2E0 /* Category.swift */,
				0F25A94C21C3C4EA0000F2E0 /* CardItem.swift */,
			);
			path = Model;
			sourceTree = "<group>";
		};
		7EA653BE6A6CBBD92B417676 /* Frameworks */ = {
			isa = PBXGroup;
			children = (
				0F25A93E21C3AD1E0000F2E0 /* Alamofire.framework */,
				0F25A94021C3AD1E0000F2E0 /* Realm.framework */,
				0F25A94221C3AD1E0000F2E0 /* RealmSwift.framework */,
				070E1E69E75CBAC34E9192EE /* Pods_cardbag.framework */,
			);
			name = Frameworks;
			sourceTree = "<group>";
		};
		84E26DF221BA726800ED7C4D /* Models */ = {
			isa = PBXGroup;
			children = (
				84E26DF321BA726800ED7C4D /* Card.swift */,
			);
			path = Models;
			sourceTree = "<group>";
		};
		84E26E1121C3A7A100ED7C4D /* UI */ = {
			isa = PBXGroup;
			children = (
				84E26E1221C3A7A100ED7C4D /* CardsList */,
				84E26E1721C3A7A100ED7C4D /* LaunchScreen.storyboard */,
			);
			path = UI;
			sourceTree = "<group>";
		};
		84E26E1221C3A7A100ED7C4D /* CardsList */ = {
			isa = PBXGroup;
			children = (
				0F25A92C21C3AA570000F2E0 /* AddCard.swift */,
				0F25A92B21C3AA570000F2E0 /* AddCard.xib */,
				0F25A92621C3AA560000F2E0 /* Categories.swift */,
				0F25A92821C3AA570000F2E0 /* Categories.xib */,
				0F25A92921C3AA570000F2E0 /* EmptyPage.swift */,
				0F25A92A21C3AA570000F2E0 /* EmptyPage.xib */,
				0F25A92E21C3AA570000F2E0 /* FrontPhoto.swift */,
				0F25A93021C3AA570000F2E0 /* FrontPhoto.xib */,
				0F25A93121C3AA570000F2E0 /* MyCustomCell.swift */,
				0F25A92721C3AA570000F2E0 /* MyCustomCell.xib */,
				0F25A92D21C3AA570000F2E0 /* RearPhoto.swift */,
				0F25A92F21C3AA570000F2E0 /* RearPhoto.xib */,
				84E26E1321C3A7A100ED7C4D /* CardsListViewController.swift */,
				84E26E1421C3A7A100ED7C4D /* CardsListViewController.xib */,
				84E26E1521C3A7A100ED7C4D /* TableViewCell.swift */,
				84E26E1621C3A7A100ED7C4D /* TableViewCell.xib */,
			);
			path = CardsList;
			sourceTree = "<group>";
		};
		94B88AF7F4436171178215CE /* Pods */ = {
			isa = PBXGroup;
			children = (
				2D6953638C8BB339B6A779AA /* Pods-cardbag.debug.xcconfig */,
				7CA25B45E37D17294E21052F /* Pods-cardbag.release.xcconfig */,
			);
			name = Pods;
			sourceTree = "<group>";
		};
		CE30C7992182FD11004FD699 = {
			isa = PBXGroup;
			children = (
				CE30C7A42182FD11004FD699 /* cardbag */,
				CE30C7A32182FD11004FD699 /* Products */,
				94B88AF7F4436171178215CE /* Pods */,
				7EA653BE6A6CBBD92B417676 /* Frameworks */,
			);
			sourceTree = "<group>";
		};
		CE30C7A32182FD11004FD699 /* Products */ = {
			isa = PBXGroup;
			children = (
				CE30C7A22182FD11004FD699 /* cardbag.app */,
			);
			name = Products;
			sourceTree = "<group>";
		};
		CE30C7A42182FD11004FD699 /* cardbag */ = {
			isa = PBXGroup;
			children = (
				0F25A91F21C3AA030000F2E0 /* Entity */,
				84E26DF221BA726800ED7C4D /* Models */,
				84E26E1121C3A7A100ED7C4D /* UI */,
				CE30C7A52182FD11004FD699 /* AppDelegate.swift */,
				84E26E1D21C3A7A100ED7C4D /* Assets.xcassets */,
				CE30C7AE2182FD14004FD699 /* LaunchScreen.storyboard */,
				CE30C7B12182FD14004FD699 /* Info.plist */,
			);
			path = cardbag;
			sourceTree = "<group>";
		};
/* End PBXGroup section */

/* Begin PBXNativeTarget section */
		CE30C7A12182FD11004FD699 /* cardbag */ = {
			isa = PBXNativeTarget;
			buildConfigurationList = CE30C7B42182FD14004FD699 /* Build configuration list for PBXNativeTarget "cardbag" */;
			buildPhases = (
				8DB788B35938A6F9163BC38E /* [CP] Check Pods Manifest.lock */,
				CE30C79E2182FD11004FD699 /* Sources */,
				CE30C79F2182FD11004FD699 /* Frameworks */,
				CE30C7A02182FD11004FD699 /* Resources */,
				19223CA9D3F2E154FCCF2762 /* [CP] Embed Pods Frameworks */,
			);
			buildRules = (
			);
			dependencies = (
			);
			name = cardbag;
			productName = cardbag;
			productReference = CE30C7A22182FD11004FD699 /* cardbag.app */;
			productType = "com.apple.product-type.application";
		};
/* End PBXNativeTarget section */

/* Begin PBXProject section */
		CE30C79A2182FD11004FD699 /* Project object */ = {
			isa = PBXProject;
			attributes = {
				LastSwiftUpdateCheck = 0940;
				LastUpgradeCheck = 0940;
				ORGANIZATIONNAME = "E-Lite-Telecom";
				TargetAttributes = {
					CE30C7A12182FD11004FD699 = {
						CreatedOnToolsVersion = 9.4.1;
					};
				};
			};
			buildConfigurationList = CE30C79D2182FD11004FD699 /* Build configuration list for PBXProject "cardbag" */;
			compatibilityVersion = "Xcode 9.3";
			developmentRegion = en;
			hasScannedForEncodings = 0;
			knownRegions = (
				en,
				Base,
			);
			mainGroup = CE30C7992182FD11004FD699;
			productRefGroup = CE30C7A32182FD11004FD699 /* Products */;
			projectDirPath = "";
			projectRoot = "";
			targets = (
				CE30C7A12182FD11004FD699 /* cardbag */,
			);
		};
/* End PBXProject section */

/* Begin PBXResourcesBuildPhase section */
		CE30C7A02182FD11004FD699 /* Resources */ = {
			isa = PBXResourcesBuildPhase;
			buildActionMask = 2147483647;
			files = (
				0F25A93421C3AA570000F2E0 /* Categories.xib in Resources */,
				0F25A93721C3AA570000F2E0 /* AddCard.xib in Resources */,
				84E26E1E21C3A7A100ED7C4D /* Assets.xcassets in Resources */,
				84E26E1921C3A7A100ED7C4D /* CardsListViewController.xib in Resources */,
				0F25A93621C3AA570000F2E0 /* EmptyPage.xib in Resources */,
				0F25A93B21C3AA570000F2E0 /* RearPhoto.xib in Resources */,
				0F25A93C21C3AA570000F2E0 /* FrontPhoto.xib in Resources */,
				84E26E1B21C3A7A100ED7C4D /* TableViewCell.xib in Resources */,
				CE30C7B02182FD14004FD699 /* LaunchScreen.storyboard in Resources */,
				84E26E1C21C3A7A100ED7C4D /* LaunchScreen.storyboard in Resources */,
				0F25A93321C3AA570000F2E0 /* MyCustomCell.xib in Resources */,
			);
			runOnlyForDeploymentPostprocessing = 0;
		};
/* End PBXResourcesBuildPhase section */

/* Begin PBXShellScriptBuildPhase section */
		19223CA9D3F2E154FCCF2762 /* [CP] Embed Pods Frameworks */ = {
			isa = PBXShellScriptBuildPhase;
			buildActionMask = 2147483647;
			files = (
			);
			inputFileListPaths = (
			);
			inputPaths = (
				"${SRCROOT}/Pods/Target Support Files/Pods-cardbag/Pods-cardbag-frameworks.sh",
				"${BUILT_PRODUCTS_DIR}/Alamofire/Alamofire.framework",
				"${BUILT_PRODUCTS_DIR}/Realm/Realm.framework",
				"${BUILT_PRODUCTS_DIR}/RealmSwift/RealmSwift.framework",
			);
			name = "[CP] Embed Pods Frameworks";
			outputFileListPaths = (
			);
			outputPaths = (
				"${TARGET_BUILD_DIR}/${FRAMEWORKS_FOLDER_PATH}/Alamofire.framework",
				"${TARGET_BUILD_DIR}/${FRAMEWORKS_FOLDER_PATH}/Realm.framework",
				"${TARGET_BUILD_DIR}/${FRAMEWORKS_FOLDER_PATH}/RealmSwift.framework",
			);
			runOnlyForDeploymentPostprocessing = 0;
			shellPath = /bin/sh;
			shellScript = "\"${SRCROOT}/Pods/Target Support Files/Pods-cardbag/Pods-cardbag-frameworks.sh\"\n";
			showEnvVarsInLog = 0;
		};
		8DB788B35938A6F9163BC38E /* [CP] Check Pods Manifest.lock */ = {
			isa = PBXShellScriptBuildPhase;
			buildActionMask = 2147483647;
			files = (
			);
			inputFileListPaths = (
			);
			inputPaths = (
				"${PODS_PODFILE_DIR_PATH}/Podfile.lock",
				"${PODS_ROOT}/Manifest.lock",
			);
			name = "[CP] Check Pods Manifest.lock";
			outputFileListPaths = (
			);
			outputPaths = (
				"$(DERIVED_FILE_DIR)/Pods-cardbag-checkManifestLockResult.txt",
			);
			runOnlyForDeploymentPostprocessing = 0;
			shellPath = /bin/sh;
			shellScript = "diff \"${PODS_PODFILE_DIR_PATH}/Podfile.lock\" \"${PODS_ROOT}/Manifest.lock\" > /dev/null\nif [ $? != 0 ] ; then\n    # print error to STDERR\n    echo \"error: The sandbox is not in sync with the Podfile.lock. Run 'pod install' or update your CocoaPods installation.\" >&2\n    exit 1\nfi\n# This output is used by Xcode 'outputs' to avoid re-running this script phase.\necho \"SUCCESS\" > \"${SCRIPT_OUTPUT_FILE_0}\"\n";
			showEnvVarsInLog = 0;
		};
/* End PBXShellScriptBuildPhase section */

/* Begin PBXSourcesBuildPhase section */
		CE30C79E2182FD11004FD699 /* Sources */ = {
			isa = PBXSourcesBuildPhase;
			buildActionMask = 2147483647;
			files = (
				84E26E1A21C3A7A100ED7C4D /* TableViewCell.swift in Sources */,
				0F25A94521C3B2470000F2E0 /* CardList.swift in Sources */,
				0F25A93221C3AA570000F2E0 /* Categories.swift in Sources */,
				84E26E1821C3A7A100ED7C4D /* CardsListViewController.swift in Sources */,
				CE30C7A62182FD11004FD699 /* AppDelegate.swift in Sources */,
				84E26DFC21BA726800ED7C4D /* Card.swift in Sources */,
				0F25A93921C3AA570000F2E0 /* RearPhoto.swift in Sources */,
				0F25A93A21C3AA570000F2E0 /* FrontPhoto.swift in Sources */,
				0F25A92321C3AA030000F2E0 /* CategoryList.swift in Sources */,
				0F25A92421C3AA030000F2E0 /* Category.swift in Sources */,
				0F25A93521C3AA570000F2E0 /* EmptyPage.swift in Sources */,
				0F25A93821C3AA570000F2E0 /* AddCard.swift in Sources */,
				0F25A94D21C3C4EA0000F2E0 /* CardItem.swift in Sources */,
				0F25A93D21C3AA570000F2E0 /* MyCustomCell.swift in Sources */,
			);
			runOnlyForDeploymentPostprocessing = 0;
		};
/* End PBXSourcesBuildPhase section */

/* Begin PBXVariantGroup section */
		CE30C7AE2182FD14004FD699 /* LaunchScreen.storyboard */ = {
			isa = PBXVariantGroup;
			children = (
				CE30C7AF2182FD14004FD699 /* Base */,
			);
			name = LaunchScreen.storyboard;
			sourceTree = "<group>";
		};
/* End PBXVariantGroup section */

/* Begin XCBuildConfiguration section */
		CE30C7B22182FD14004FD699 /* Debug */ = {
			isa = XCBuildConfiguration;
			buildSettings = {
				ALWAYS_SEARCH_USER_PATHS = NO;
				CLANG_ANALYZER_NONNULL = YES;
				CLANG_ANALYZER_NUMBER_OBJECT_CONVERSION = YES_AGGRESSIVE;
				CLANG_CXX_LANGUAGE_STANDARD = "gnu++14";
				CLANG_CXX_LIBRARY = "libc++";
				CLANG_ENABLE_MODULES = YES;
				CLANG_ENABLE_OBJC_ARC = YES;
				CLANG_ENABLE_OBJC_WEAK = YES;
				CLANG_WARN_BLOCK_CAPTURE_AUTORELEASING = YES;
				CLANG_WARN_BOOL_CONVERSION = YES;
				CLANG_WARN_COMMA = YES;
				CLANG_WARN_CONSTANT_CONVERSION = YES;
				CLANG_WARN_DEPRECATED_OBJC_IMPLEMENTATIONS = YES;
				CLANG_WARN_DIRECT_OBJC_ISA_USAGE = YES_ERROR;
				CLANG_WARN_DOCUMENTATION_COMMENTS = YES;
				CLANG_WARN_EMPTY_BODY = YES;
				CLANG_WARN_ENUM_CONVERSION = YES;
				CLANG_WARN_INFINITE_RECURSION = YES;
				CLANG_WARN_INT_CONVERSION = YES;
				CLANG_WARN_NON_LITERAL_NULL_CONVERSION = YES;
				CLANG_WARN_OBJC_IMPLICIT_RETAIN_SELF = YES;
				CLANG_WARN_OBJC_LITERAL_CONVERSION = YES;
				CLANG_WARN_OBJC_ROOT_CLASS = YES_ERROR;
				CLANG_WARN_RANGE_LOOP_ANALYSIS = YES;
				CLANG_WARN_STRICT_PROTOTYPES = YES;
				CLANG_WARN_SUSPICIOUS_MOVE = YES;
				CLANG_WARN_UNGUARDED_AVAILABILITY = YES_AGGRESSIVE;
				CLANG_WARN_UNREACHABLE_CODE = YES;
				CLANG_WARN__DUPLICATE_METHOD_MATCH = YES;
				CODE_SIGN_IDENTITY = "iPhone Developer";
				COPY_PHASE_STRIP = NO;
				DEBUG_INFORMATION_FORMAT = dwarf;
				ENABLE_STRICT_OBJC_MSGSEND = YES;
				ENABLE_TESTABILITY = YES;
				GCC_C_LANGUAGE_STANDARD = gnu11;
				GCC_DYNAMIC_NO_PIC = NO;
				GCC_NO_COMMON_BLOCKS = YES;
				GCC_OPTIMIZATION_LEVEL = 0;
				GCC_PREPROCESSOR_DEFINITIONS = (
					"DEBUG=1",
					"$(inherited)",
				);
				GCC_WARN_64_TO_32_BIT_CONVERSION = YES;
				GCC_WARN_ABOUT_RETURN_TYPE = YES_ERROR;
				GCC_WARN_UNDECLARED_SELECTOR = YES;
				GCC_WARN_UNINITIALIZED_AUTOS = YES_AGGRESSIVE;
				GCC_WARN_UNUSED_FUNCTION = YES;
				GCC_WARN_UNUSED_VARIABLE = YES;
				IPHONEOS_DEPLOYMENT_TARGET = 11.4;
				MTL_ENABLE_DEBUG_INFO = YES;
				ONLY_ACTIVE_ARCH = YES;
				SDKROOT = iphoneos;
				SWIFT_ACTIVE_COMPILATION_CONDITIONS = DEBUG;
				SWIFT_OPTIMIZATION_LEVEL = "-Onone";
			};
			name = Debug;
		};
		CE30C7B32182FD14004FD699 /* Release */ = {
			isa = XCBuildConfiguration;
			buildSettings = {
				ALWAYS_SEARCH_USER_PATHS = NO;
				CLANG_ANALYZER_NONNULL = YES;
				CLANG_ANALYZER_NUMBER_OBJECT_CONVERSION = YES_AGGRESSIVE;
				CLANG_CXX_LANGUAGE_STANDARD = "gnu++14";
				CLANG_CXX_LIBRARY = "libc++";
				CLANG_ENABLE_MODULES = YES;
				CLANG_ENABLE_OBJC_ARC = YES;
				CLANG_ENABLE_OBJC_WEAK = YES;
				CLANG_WARN_BLOCK_CAPTURE_AUTORELEASING = YES;
				CLANG_WARN_BOOL_CONVERSION = YES;
				CLANG_WARN_COMMA = YES;
				CLANG_WARN_CONSTANT_CONVERSION = YES;
				CLANG_WARN_DEPRECATED_OBJC_IMPLEMENTATIONS = YES;
				CLANG_WARN_DIRECT_OBJC_ISA_USAGE = YES_ERROR;
				CLANG_WARN_DOCUMENTATION_COMMENTS = YES;
				CLANG_WARN_EMPTY_BODY = YES;
				CLANG_WARN_ENUM_CONVERSION = YES;
				CLANG_WARN_INFINITE_RECURSION = YES;
				CLANG_WARN_INT_CONVERSION = YES;
				CLANG_WARN_NON_LITERAL_NULL_CONVERSION = YES;
				CLANG_WARN_OBJC_IMPLICIT_RETAIN_SELF = YES;
				CLANG_WARN_OBJC_LITERAL_CONVERSION = YES;
				CLANG_WARN_OBJC_ROOT_CLASS = YES_ERROR;
				CLANG_WARN_RANGE_LOOP_ANALYSIS = YES;
				CLANG_WARN_STRICT_PROTOTYPES = YES;
				CLANG_WARN_SUSPICIOUS_MOVE = YES;
				CLANG_WARN_UNGUARDED_AVAILABILITY = YES_AGGRESSIVE;
				CLANG_WARN_UNREACHABLE_CODE = YES;
				CLANG_WARN__DUPLICATE_METHOD_MATCH = YES;
				CODE_SIGN_IDENTITY = "iPhone Developer";
				COPY_PHASE_STRIP = NO;
				DEBUG_INFORMATION_FORMAT = "dwarf-with-dsym";
				ENABLE_NS_ASSERTIONS = NO;
				ENABLE_STRICT_OBJC_MSGSEND = YES;
				GCC_C_LANGUAGE_STANDARD = gnu11;
				GCC_NO_COMMON_BLOCKS = YES;
				GCC_WARN_64_TO_32_BIT_CONVERSION = YES;
				GCC_WARN_ABOUT_RETURN_TYPE = YES_ERROR;
				GCC_WARN_UNDECLARED_SELECTOR = YES;
				GCC_WARN_UNINITIALIZED_AUTOS = YES_AGGRESSIVE;
				GCC_WARN_UNUSED_FUNCTION = YES;
				GCC_WARN_UNUSED_VARIABLE = YES;
				IPHONEOS_DEPLOYMENT_TARGET = 11.4;
				MTL_ENABLE_DEBUG_INFO = NO;
				SDKROOT = iphoneos;
				SWIFT_COMPILATION_MODE = wholemodule;
				SWIFT_OPTIMIZATION_LEVEL = "-O";
				VALIDATE_PRODUCT = YES;
			};
			name = Release;
		};
		CE30C7B52182FD14004FD699 /* Debug */ = {
			isa = XCBuildConfiguration;
			baseConfigurationReference = 2D6953638C8BB339B6A779AA /* Pods-cardbag.debug.xcconfig */;
			buildSettings = {
				ASSETCATALOG_COMPILER_APPICON_NAME = AppIcon;
				CODE_SIGN_STYLE = Automatic;
				INFOPLIST_FILE = cardbag/Info.plist;
				LD_RUNPATH_SEARCH_PATHS = (
					"$(inherited)",
					"@executable_path/Frameworks",
				);
				PRODUCT_BUNDLE_IDENTIFIER = info.goodline.cardbag;
				PRODUCT_NAME = "$(TARGET_NAME)";
				SWIFT_VERSION = 4.0;
				TARGETED_DEVICE_FAMILY = "1,2";
			};
			name = Debug;
		};
		CE30C7B62182FD14004FD699 /* Release */ = {
			isa = XCBuildConfiguration;
			baseConfigurationReference = 7CA25B45E37D17294E21052F /* Pods-cardbag.release.xcconfig */;
			buildSettings = {
				ASSETCATALOG_COMPILER_APPICON_NAME = AppIcon;
				CODE_SIGN_STYLE = Automatic;
				INFOPLIST_FILE = cardbag/Info.plist;
				LD_RUNPATH_SEARCH_PATHS = (
					"$(inherited)",
					"@executable_path/Frameworks",
				);
				PRODUCT_BUNDLE_IDENTIFIER = info.goodline.cardbag;
				PRODUCT_NAME = "$(TARGET_NAME)";
				SWIFT_VERSION = 4.0;
				TARGETED_DEVICE_FAMILY = "1,2";
			};
			name = Release;
		};
/* End XCBuildConfiguration section */

/* Begin XCConfigurationList section */
		CE30C79D2182FD11004FD699 /* Build configuration list for PBXProject "cardbag" */ = {
			isa = XCConfigurationList;
			buildConfigurations = (
				CE30C7B22182FD14004FD699 /* Debug */,
				CE30C7B32182FD14004FD699 /* Release */,
			);
			defaultConfigurationIsVisible = 0;
			defaultConfigurationName = Release;
		};
		CE30C7B42182FD14004FD699 /* Build configuration list for PBXNativeTarget "cardbag" */ = {
			isa = XCConfigurationList;
			buildConfigurations = (
				CE30C7B52182FD14004FD699 /* Debug */,
				CE30C7B62182FD14004FD699 /* Release */,
			);
			defaultConfigurationIsVisible = 0;
			defaultConfigurationName = Release;
		};
/* End XCConfigurationList section */
	};
	rootObject = CE30C79A2182FD11004FD699 /* Project object */;
}
